
Microsoft Visual Studio Solution File, Format Version 12.00
# Visual Studio Version 17
VisualStudioVersion = 17.13.35806.99 d17.13
MinimumVisualStudioVersion = 10.0.40219.1
Project("{FAE04EC0-301F-11D3-BF4B-00C04F79EFBC}") = "ProGitForProgrammers", "ProGitForProgrammers\ProGitForProgrammers.csproj", "{D392C7B0-D8D2-4450-8859-7DD1C6B1A903}"
EndProject
Global
	GlobalSection(SolutionConfigurationPlatforms) = preSolution
		Debug|Any CPU = Debug|Any CPU
		Release|Any CPU = Release|Any CPU
	EndGlobalSection
	GlobalSection(ProjectConfigurationPlatforms) = postSolution
		{D392C7B0-D8D2-4450-8859-7DD1C6B1A903}.Debug|Any CPU.ActiveCfg = Debug|Any CPU
		{D392C7B0-D8D2-4450-8859-7DD1C6B1A903}.Debug|Any CPU.Build.0 = Debug|Any CPU
		{D392C7B0-D8D2-4450-8859-7DD1C6B1A903}.Release|Any CPU.ActiveCfg = Release|Any CPU
		{D392C7B0-D8D2-4450-8859-7DD1C6B1A903}.Release|Any CPU.Build.0 = Release|Any CPU
	EndGlobalSection
	GlobalSection(SolutionProperties) = preSolution
		HideSolutionNode = FALSE
	EndGlobalSection
	GlobalSection(ExtensibilityGlobals) = postSolution
		SolutionGuid = {91F19FB4-714C-46E4-A58C-2680A8FDEDD2}
	EndGlobalSection
EndGlobal
